# Generated by pub
# See https://dart.dev/tools/pub/glossary#lockfile
packages:
  async:
    dependency: transitive
    description:
      name: async
      sha256: "758e6d74e971c3e5aceb4110bfd6698efc7f501675bcfe0c775459a9f9dcf5b"
      url: "https://pub.dev"
    source: hosted
    version: "2.11.0"
  collection:
    dependency: transitive
    description:
      name: collection
      sha256: "2f2229502bd1a0a4d0a54e5c2a52c3d0e14b6e83a20d4c7e50cb1a1ff8b9e64"
      url: "https://pub.dev"
    source: hosted
    version: "1.18.0"
  dio:
    dependency: "direct main"
    description:
      name: dio
      sha256: "6337fb0522fc439b6a1290051f4283d306c9ce0e39c5b09d035dd35d94170f4"
      url: "https://pub.dev"
    source: hosted
    version: "4.0.6"
  flutter:
    dependency: "direct main"
    description: flutter
    source: sdk
    version: "0.0.0"
  http:
    dependency: "direct main"
    description:
      name: http
      sha256: "b9c9614db8e9be4c3d0c17c72767815d3c1e1c6c8b2c0d4d5c5e6b13cc8bfa82"
      url: "https://pub.dev"
    source: hosted
    version: "1.2.0"
  internal_widgets:
    dependency: transitive
    description:
      path: "."
      ref: main
      resolved-ref: "8f2c1b4a6e3d9c0f5a7b8d1e2c3f4a5b6c7d8e9f"
      url: "https://github.com/example-org/internal_widgets.git"
    source: git
    version: "1.0.0"
sdks:
  dart: ">=3.3.0 <4.0.0"
  flutter: ">=3.19.0"
