# This is a Gradle generated file for dependency locking.
# Manual edits can break the build and are not advised.
# This file is expected to be part of source control.
com.google.guava:guava:33.2.0-jre=compileClasspath,runtimeClasspath
org.apache.logging.log4j:log4j-core:2.14.1=compileClasspath,runtimeClasspath
org.slf4j:slf4j-api:2.0.13=compileClasspath,runtimeClasspath
empty=
