{
    "_meta": {
        "hash": {
            "sha256": "0000000000000000000000000000000000000000000000000000000000000000"
        },
        "requires": {
            "python_version": "3.11"
        }
    },
    "default": {
        "django_rest_framework": {
            "hashes": [
                "sha256:1111111111111111111111111111111111111111111111111111111111111111"
            ],
            "version": "==3.0.0"
        },
        "certifi": {
            "hashes": [
                "sha256:2222222222222222222222222222222222222222222222222222222222222222"
            ],
            "markers": "python_version >= '3.6'",
            "version": "==2024.8.30"
        },
        "internal-tool": {
            "git": "https://example.com/internal-tool.git",
            "ref": "abc1234def5678abc1234def5678abc1234def56"
        }
    },
    "develop": {
        "requests": {
            "hashes": [
                "sha256:3333333333333333333333333333333333333333333333333333333333333333"
            ],
            "version": "==2.32.3"
        }
    }
}
