# This file is automatically @generated by Poetry 1.8.0 and should not be changed by hand.

[[package]]
name = "Pillow"
version = "8.0.0"
description = "Python Imaging Library (Fork)"
optional = false
python-versions = ">=3.6"

[package.dependencies]
# A dependency literally keyed `name`/`version` must NOT leak a bogus package
# (subtable-hardening regression guard).
name = ">=1.0"
version = ">=2.0"

[[package]]
name = "requests"
version = "2.32.3"
description = "Python HTTP for Humans."
optional = false
python-versions = ">=3.8"

[[package]]
name = "certifi"
version = "2024.8.30"
description = "Python package for providing Mozilla's CA Bundle."
optional = false
python-versions = ">=3.6"

[metadata]
lock-version = "2.0"
python-versions = "^3.8"
content-hash = "0000000000000000000000000000000000000000000000000000000000000000"
